
Microsoft Visual Studio Solution File, Format Version 12.00
Project("{FAE04EC0-301F-11D3-BF4B-00C04F79EFBC}") = "Service.Api", "Service.Api\Service.Api.csproj", "{FBFCEFC3-F0F5-4029-AA97-77E11DEB32A7}"
EndProject
Global
	GlobalSection(SolutionConfigurationPlatforms) = preSolution
		Debug|Any CPU = Debug|Any CPU
		Release|Any CPU = Release|Any CPU
	EndGlobalSection
	GlobalSection(ProjectConfigurationPlatforms) = postSolution
		{FBFCEFC3-F0F5-4029-AA97-77E11DEB32A7}.Debug|Any CPU.ActiveCfg = Debug|Any CPU
		{FBFCEFC3-F0F5-4029-AA97-77E11DEB32A7}.Debug|Any CPU.Build.0 = Debug|Any CPU
		{FBFCEFC3-F0F5-4029-AA97-77E11DEB32A7}.Release|Any CPU.ActiveCfg = Release|Any CPU
		{FBFCEFC3-F0F5-4029-AA97-77E11DEB32A7}.Release|Any CPU.Build.0 = Release|Any CPU
	EndGlobalSection
EndGlobal
